
Microsoft Visual Studio Solution File, Format Version 12.00
# Visual Studio 15
VisualStudioVersion = 15.0.28010.2050
MinimumVisualStudioVersion = 10.0.40219.1
Project("{FAE04EC0-301F-11D3-BF4B-00C04F79EFBC}") = "ki", "ki\ki.csproj", "{A3ECF40F-A3B8-4A9E-AF96-DE4EAE10BE58}"
EndProject
Global
	GlobalSection(SolutionConfigurationPlatforms) = preSolution
		Debug|Any CPU = Debug|Any CPU
		Release|Any CPU = Release|Any CPU
	EndGlobalSection
	GlobalSection(ProjectConfigurationPlatforms) = postSolution
		{A3ECF40F-A3B8-4A9E-AF96-DE4EAE10BE58}.Debug|Any CPU.ActiveCfg = Debug|Any CPU
		{A3ECF40F-A3B8-4A9E-AF96-DE4EAE10BE58}.Debug|Any CPU.Build.0 = Debug|Any CPU
		{A3ECF40F-A3B8-4A9E-AF96-DE4EAE10BE58}.Release|Any CPU.ActiveCfg = Release|Any CPU
		{A3ECF40F-A3B8-4A9E-AF96-DE4EAE10BE58}.Release|Any CPU.Build.0 = Release|Any CPU
	EndGlobalSection
	GlobalSection(SolutionProperties) = preSolution
		HideSolutionNode = FALSE
	EndGlobalSection
	GlobalSection(ExtensibilityGlobals) = postSolution
		SolutionGuid = {3A197AEC-378B-4EB8-A73B-BB1755473D27}
	EndGlobalSection
EndGlobal
